
Microsoft Visual Studio Solution File, Format Version 11.00
# Visual Studio 2010
Project("{FAE04EC0-301F-11D3-BF4B-00C04F79EFBC}") = "SharpBITS.Base", "..\..\SharpBITS.Base\SharpBITS.Base.csproj", "{B39FDB92-7420-487E-8B44-D9BC0B88D857}"
EndProject
Project("{FAE04EC0-301F-11D3-BF4B-00C04F79EFBC}") = "SharpBITS.WinClient", "..\..\Sharpbits.WinClient\SharpBITS.WinClient.csproj", "{270BA1B0-D1C4-420B-BF5F-B34D915CBEDF}"
EndProject
Project("{2150E333-8FDC-42A3-9474-1A3956D46DE8}") = "Solution Items", "Solution Items", "{F3526A56-4962-4098-9882-95CB3F1117F5}"
	ProjectSection(SolutionItems) = preProject
		..\..\Solution Items\xidar.ico = ..\..\Solution Items\xidar.ico
	EndProjectSection
EndProject
Global
	GlobalSection(TeamFoundationVersionControl) = preSolution
		SccNumberOfProjects = 3
		SccEnterpriseProvider = {4CA58AB2-18FA-4F8D-95D4-32DDF27D184C}
		SccTeamFoundationServer = https://tfs.codeplex.com/tfs/tfs05
		SccLocalPath0 = .
		SccProjectUniqueName1 = ..\\..\\SharpBITS.Base\\SharpBITS.Base.csproj
		SccProjectName1 = ../../SharpBITS.Base
		SccLocalPath1 = ..\\..\\SharpBITS.Base
		SccProjectUniqueName2 = ..\\..\\Sharpbits.WinClient\\SharpBITS.WinClient.csproj
		SccProjectName2 = ../../Sharpbits.WinClient
		SccLocalPath2 = ..\\..\\Sharpbits.WinClient
	EndGlobalSection
	GlobalSection(SolutionConfigurationPlatforms) = preSolution
		Debug|Any CPU = Debug|Any CPU
		Release|Any CPU = Release|Any CPU
	EndGlobalSection
	GlobalSection(ProjectConfigurationPlatforms) = postSolution
		{B39FDB92-7420-487E-8B44-D9BC0B88D857}.Debug|Any CPU.ActiveCfg = Debug|Any CPU
		{B39FDB92-7420-487E-8B44-D9BC0B88D857}.Debug|Any CPU.Build.0 = Debug|Any CPU
		{B39FDB92-7420-487E-8B44-D9BC0B88D857}.Release|Any CPU.ActiveCfg = Release|Any CPU
		{B39FDB92-7420-487E-8B44-D9BC0B88D857}.Release|Any CPU.Build.0 = Release|Any CPU
		{270BA1B0-D1C4-420B-BF5F-B34D915CBEDF}.Debug|Any CPU.ActiveCfg = Debug|Any CPU
		{270BA1B0-D1C4-420B-BF5F-B34D915CBEDF}.Debug|Any CPU.Build.0 = Debug|Any CPU
		{270BA1B0-D1C4-420B-BF5F-B34D915CBEDF}.Release|Any CPU.ActiveCfg = Release|Any CPU
		{270BA1B0-D1C4-420B-BF5F-B34D915CBEDF}.Release|Any CPU.Build.0 = Release|Any CPU
	EndGlobalSection
	GlobalSection(SolutionProperties) = preSolution
		HideSolutionNode = FALSE
	EndGlobalSection
EndGlobal
